<?xml version="1.0" encoding="utf-8"?>
<Project ToolsVersion="4.0" xmlns="http://schemas.microsoft.com/developer/msbuild/2003">
  <ItemGroup>
    <Filter Include="Source Files">
      <UniqueIdentifier>{__uuid__()}</UniqueIdentifier>
      <Extensions>cxx</Extensions>
    </Filter>
    <Filter Include="Header Files">
      <UniqueIdentifier>{__uuid__()}</UniqueIdentifier>
      <Extensions>h;hxx;ixx;txx</Extensions>
    </Filter>
  </ItemGroup>
  <ItemGroup>
__header_filter_entry__(__path__(odb_header_stem).hxx)
__header_filter_entry__(__path__(odb_header_stem)-odb.hxx)
__header_filter_entry__(__path__(odb_header_stem)-odb.ixx)
__header_filter_entries__(database.hxx)
__header_filter_entries__(extra_headers)
  </ItemGroup>
  <ItemGroup>
__source_filter_entry__(driver.cxx)
__source_filter_entry__(__path__(odb_header_stem)-odb.cxx)
__source_filter_entries__(extra_sources)
  </ItemGroup>
</Project>
